
Microsoft Visual Studio Solution File, Format Version 12.00
# Visual Studio 15
VisualStudioVersion = 15.0.28010.2050
MinimumVisualStudioVersion = 10.0.40219.1
Project("{FAE04EC0-301F-11D3-BF4B-00C04F79EFBC}") = "AspxVintage", "AspxVintage\AspxVintage.csproj", "{D035624D-BF77-4DFF-A8B0-BAA04F4FB8AF}"
EndProject
Project("{FAE04EC0-301F-11D3-BF4B-00C04F79EFBC}") = "WcfDefaultProject", "WcfDefaultProject\WcfDefaultProject.csproj", "{5FC6DA4D-9E76-44B4-AF7C-28E32E847D55}"
EndProject
Project("{E24C65DC-7377-472B-9ABA-BC803B73C61A}") = "https://192.168.0.107", "https://192.168.0.107", "{312CB702-F9D5-4E74-A1B1-15585FA2C1FB}"
	ProjectSection(WebsiteProperties) = preProject
		UseIISExpress = "false"
		TargetFrameworkMoniker = ".NETFramework,Version%3Dv4.0"
		Debug.AspNetCompiler.VirtualPath = "/localhost"
		Debug.AspNetCompiler.PhysicalPath = "MySSLWebsite\"
		Debug.AspNetCompiler.TargetPath = "PrecompiledWeb\localhost\"
		Debug.AspNetCompiler.Updateable = "true"
		Debug.AspNetCompiler.ForceOverwrite = "true"
		Debug.AspNetCompiler.FixedNames = "false"
		Debug.AspNetCompiler.Debug = "True"
		Release.AspNetCompiler.VirtualPath = "/localhost"
		Release.AspNetCompiler.PhysicalPath = "MySSLWebsite\"
		Release.AspNetCompiler.TargetPath = "PrecompiledWeb\localhost\"
		Release.AspNetCompiler.Updateable = "true"
		Release.AspNetCompiler.ForceOverwrite = "true"
		Release.AspNetCompiler.FixedNames = "false"
		Release.AspNetCompiler.Debug = "False"
		SlnRelativePath = "MySSLWebsite\"
	EndProjectSection
EndProject
Global
	GlobalSection(SolutionConfigurationPlatforms) = preSolution
		Debug|Any CPU = Debug|Any CPU
		Release|Any CPU = Release|Any CPU
	EndGlobalSection
	GlobalSection(ProjectConfigurationPlatforms) = postSolution
		{D035624D-BF77-4DFF-A8B0-BAA04F4FB8AF}.Debug|Any CPU.ActiveCfg = Debug|Any CPU
		{D035624D-BF77-4DFF-A8B0-BAA04F4FB8AF}.Debug|Any CPU.Build.0 = Debug|Any CPU
		{D035624D-BF77-4DFF-A8B0-BAA04F4FB8AF}.Release|Any CPU.ActiveCfg = Release|Any CPU
		{D035624D-BF77-4DFF-A8B0-BAA04F4FB8AF}.Release|Any CPU.Build.0 = Release|Any CPU
		{5FC6DA4D-9E76-44B4-AF7C-28E32E847D55}.Debug|Any CPU.ActiveCfg = Debug|Any CPU
		{5FC6DA4D-9E76-44B4-AF7C-28E32E847D55}.Debug|Any CPU.Build.0 = Debug|Any CPU
		{5FC6DA4D-9E76-44B4-AF7C-28E32E847D55}.Release|Any CPU.ActiveCfg = Release|Any CPU
		{5FC6DA4D-9E76-44B4-AF7C-28E32E847D55}.Release|Any CPU.Build.0 = Release|Any CPU
		{312CB702-F9D5-4E74-A1B1-15585FA2C1FB}.Debug|Any CPU.ActiveCfg = Debug|Any CPU
		{312CB702-F9D5-4E74-A1B1-15585FA2C1FB}.Debug|Any CPU.Build.0 = Debug|Any CPU
		{312CB702-F9D5-4E74-A1B1-15585FA2C1FB}.Release|Any CPU.ActiveCfg = Debug|Any CPU
		{312CB702-F9D5-4E74-A1B1-15585FA2C1FB}.Release|Any CPU.Build.0 = Debug|Any CPU
	EndGlobalSection
	GlobalSection(SolutionProperties) = preSolution
		HideSolutionNode = FALSE
	EndGlobalSection
	GlobalSection(ExtensibilityGlobals) = postSolution
		SolutionGuid = {192AA684-A246-40C4-8D9E-ED54C115CFBC}
	EndGlobalSection
EndGlobal
